
Microsoft Visual Studio Solution File, Format Version 12.00
# Visual Studio Version 17
VisualStudioVersion = 17.8.34511.84
MinimumVisualStudioVersion = 10.0.40219.1
Project("{FAE04EC0-301F-11D3-BF4B-00C04F79EFBC}") = "ImageTagHelper", "ImageTagHelper\ImageTagHelper.csproj", "{F648EBAB-BA77-45F8-94A0-172EB782BB1D}"
EndProject
Global
	GlobalSection(SolutionConfigurationPlatforms) = preSolution
		Debug|Any CPU = Debug|Any CPU
		Release|Any CPU = Release|Any CPU
	EndGlobalSection
	GlobalSection(ProjectConfigurationPlatforms) = postSolution
		{F648EBAB-BA77-45F8-94A0-172EB782BB1D}.Debug|Any CPU.ActiveCfg = Debug|Any CPU
		{F648EBAB-BA77-45F8-94A0-172EB782BB1D}.Debug|Any CPU.Build.0 = Debug|Any CPU
		{F648EBAB-BA77-45F8-94A0-172EB782BB1D}.Release|Any CPU.ActiveCfg = Release|Any CPU
		{F648EBAB-BA77-45F8-94A0-172EB782BB1D}.Release|Any CPU.Build.0 = Release|Any CPU
	EndGlobalSection
	GlobalSection(SolutionProperties) = preSolution
		HideSolutionNode = FALSE
	EndGlobalSection
	GlobalSection(ExtensibilityGlobals) = postSolution
		SolutionGuid = {3054AB8B-B213-41EE-98BA-C56D8AAE2F31}
	EndGlobalSection
EndGlobal
